Microsoft Visual Studio Solution File, Format Version 11.00
# Visual Studio 2008

Project("{7770BC09-A680-78A9-8CC1-631302F83E3B}") = "playwao-vmphotel", "Assembly-CSharp-firstpass.csproj", "{B9148973-82F2-64FB-09C5-AFBEBD82640E}"
EndProject
Project("{7770BC09-A680-78A9-8CC1-631302F83E3B}") = "playwao-vmphotel", "Assembly-CSharp.csproj", "{ECAC869D-F1A8-4DE7-4351-F86B6624922E}"
EndProject
Global
	GlobalSection(SolutionConfigurationPlatforms) = preSolution
		Debug|Any CPU = Debug|Any CPU
		Release|Any CPU = Release|Any CPU
	EndGlobalSection
	GlobalSection(ProjectConfigurationPlatforms) = postSolution
		{B9148973-82F2-64FB-09C5-AFBEBD82640E}.Debug|Any CPU.ActiveCfg = Debug|Any CPU
		{B9148973-82F2-64FB-09C5-AFBEBD82640E}.Debug|Any CPU.Build.0 = Debug|Any CPU
		{B9148973-82F2-64FB-09C5-AFBEBD82640E}.Release|Any CPU.ActiveCfg = Release|Any CPU
		{B9148973-82F2-64FB-09C5-AFBEBD82640E}.Release|Any CPU.Build.0 = Release|Any CPU
		{ECAC869D-F1A8-4DE7-4351-F86B6624922E}.Debug|Any CPU.ActiveCfg = Debug|Any CPU
		{ECAC869D-F1A8-4DE7-4351-F86B6624922E}.Debug|Any CPU.Build.0 = Debug|Any CPU
		{ECAC869D-F1A8-4DE7-4351-F86B6624922E}.Release|Any CPU.ActiveCfg = Release|Any CPU
		{ECAC869D-F1A8-4DE7-4351-F86B6624922E}.Release|Any CPU.Build.0 = Release|Any CPU
	EndGlobalSection
	GlobalSection(SolutionProperties) = preSolution
		HideSolutionNode = FALSE
	EndGlobalSection
																																																																																																																																																																										GlobalSection(MonoDevelopProperties) = preSolution
		StartupItem = Assembly-CSharp.csproj
		Policies = $0
		$0.TextStylePolicy = $1
		$1.inheritsSet = null
		$1.scope = text/x-csharp
		$0.CSharpFormattingPolicy = $2
		$2.inheritsSet = Mono
		$2.inheritsScope = text/x-csharp
		$2.scope = text/x-csharp
		$0.TextStylePolicy = $3
		$3.FileWidth = 120
		$3.TabWidth = 4
		$3.EolMarker = Unix
		$3.inheritsSet = Mono
		$3.inheritsScope = text/plain
		$3.scope = text/plain
	EndGlobalSection

EndGlobal
